lockfileVersion: '9.0'

settings:
  autoInstallPeers: true
  excludeLinksFromLockfile: false

importers:

  .:
    dependencies:
      '@fortawesome/fontawesome-svg-core':
        specifier: ^6.7.1
        version: 6.7.2

packages:

  '@fortawesome/fontawesome-common-types@6.7.2':
    resolution: {integrity: sha512-Zs+YeHUC5fkt7Mg1l6XTniei3k4bwG/yo3iFUtZWd/pMx9g3fdvkSK9E0FOC+++phXOka78uJcYb8JaFkW52Xg==}
    engines: {node: '>=6'}

  '@fortawesome/fontawesome-svg-core@6.7.2':
    resolution: {integrity: sha512-yxtOBWDrdi5DD5o1pmVdq3WMCvnobT0LU6R8RyyVXPvFRd2o79/0NCuQoCjNTeZz9EzA9xS3JxNWfv54RIHFEA==}
    engines: {node: '>=6'}

snapshots:

  '@fortawesome/fontawesome-common-types@6.7.2': {}

  '@fortawesome/fontawesome-svg-core@6.7.2':
    dependencies:
      '@fortawesome/fontawesome-common-types': 6.7.2
